// !$*UTF8*$!
{
	archiveVersion = 1;
	classes = {
	};
	objectVersion = 46;
	objects = {

/* Begin PBXBuildFile section */
		272FAB921A296ED3002725C1 /* TabelViewController.m in Sources */ = {isa = PBXBuildFile; fileRef = 272FAB911A296ED3002725C1 /* TabelViewController.m */; };
		27E739F81A9C657700207450 /* UIImage+Custom.m in Sources */ = {isa = PBXBuildFile; fileRef = 27E739F71A9C657700207450 /* UIImage+Custom.m */; };
		27F68DD11A24846C00BB32C9 /* main.m in Sources */ = {isa = PBXBuildFile; fileRef = 27F68DD01A24846C00BB32C9 /* main.m */; };
		27F68DD41A24846C00BB32C9 /* AppDelegate.m in Sources */ = {isa = PBXBuildFile; fileRef = 27F68DD31A24846C00BB32C9 /* AppDelegate.m */; };
		27F68DD71A24846C00BB32C9 /* ViewController.m in Sources */ = {isa = PBXBuildFile; fileRef = 27F68DD61A24846C00BB32C9 /* ViewController.m */; };
		27F68DDA1A24846C00BB32C9 /* Main.storyboard in Resources */ = {isa = PBXBuildFile; fileRef = 27F68DD81A24846C00BB32C9 /* Main.storyboard */; };
		27F68DDC1A24846C00BB32C9 /* Images.xcassets in Resources */ = {isa = PBXBuildFile; fileRef = 27F68DDB1A24846C00BB32C9 /* Images.xcassets */; };
		27F68DDF1A24846C00BB32C9 /* LaunchScreen.xib in Resources */ = {isa = PBXBuildFile; fileRef = 27F68DDD1A24846C00BB32C9 /* LaunchScreen.xib */; };
		27F68DEB1A24846C00BB32C9 /* ResizeImageTests.m in Sources */ = {isa = PBXBuildFile; fileRef = 27F68DEA1A24846C00BB32C9 /* ResizeImageTests.m */; };
		27F68DF81A24891F00BB32C9 /* imageView_BMI@2x.png in Resources */ = {isa = PBXBuildFile; fileRef = 27F68DF71A24891F00BB32C9 /* imageView_BMI@2x.png */; };
		27F68DFA1A248A0100BB32C9 /* begin_one@2x.png in Resources */ = {isa = PBXBuildFile; fileRef = 27F68DF91A248A0100BB32C9 /* begin_one@2x.png */; };
/* End PBXBuildFile section */

/* Begin PBXContainerItemProxy section */
		27F68DE51A24846C00BB32C9 /* PBXContainerItemProxy */ = {
			isa = PBXContainerItemProxy;
			containerPortal = 27F68DC31A24846C00BB32C9 /* Project object */;
			proxyType = 1;
			remoteGlobalIDString = 27F68DCA1A24846C00BB32C9;
			remoteInfo = ResizeImage;
		};
/* End PBXContainerItemProxy section */

/* Begin PBXFileReference section */
		272FAB901A296ED3002725C1 /* TabelViewController.h */ = {isa = PBXFileReference; fileEncoding = 4; lastKnownFileType = sourcecode.c.h; path = TabelViewController.h; sourceTree = "<group>"; };
		272FAB911A296ED3002725C1 /* TabelViewController.m */ = {isa = PBXFileReference; fileEncoding = 4; lastKnownFileType = sourcecode.c.objc; path = TabelViewController.m; sourceTree = "<group>"; };
		27E739F61A9C657700207450 /* UIImage+Custom.h */ = {isa = PBXFileReference; fileEncoding = 4; lastKnownFileType = sourcecode.c.h; path = "UIImage+Custom.h"; sourceTree = "<group>"; };
		27E739F71A9C657700207450 /* UIImage+Custom.m */ = {isa = PBXFileReference; fileEncoding = 4; lastKnownFileType = sourcecode.c.objc; path = "UIImage+Custom.m"; sourceTree = "<group>"; };
		27F68DCB1A24846C00BB32C9 /* ResizeImage.app */ = {isa = PBXFileReference; explicitFileType = wrapper.application; includeInIndex = 0; path = ResizeImage.app; sourceTree = BUILT_PRODUCTS_DIR; };
		27F68DCF1A24846C00BB32C9 /* Info.plist */ = {isa = PBXFileReference; lastKnownFileType = text.plist.xml; path = Info.plist; sourceTree = "<group>"; };
		27F68DD01A24846C00BB32C9 /* main.m */ = {isa = PBXFileReference; lastKnownFileType = sourcecode.c.objc; path = main.m; sourceTree = "<group>"; };
		27F68DD21A24846C00BB32C9 /* AppDelegate.h */ = {isa = PBXFileReference; lastKnownFileType = sourcecode.c.h; path = AppDelegate.h; sourceTree = "<group>"; };
		27F68DD31A24846C00BB32C9 /* AppDelegate.m */ = {isa = PBXFileReference; lastKnownFileType = sourcecode.c.objc; path = AppDelegate.m; sourceTree = "<group>"; };
		27F68DD51A24846C00BB32C9 /* ViewController.h */ = {isa = PBXFileReference; lastKnownFileType = sourcecode.c.h; path = ViewController.h; sourceTree = "<group>"; };
		27F68DD61A24846C00BB32C9 /* ViewController.m */ = {isa = PBXFileReference; lastKnownFileType = sourcecode.c.objc; path = ViewController.m; sourceTree = "<group>"; };
		27F68DD91A24846C00BB32C9 /* Base */ = {isa = PBXFileReference; lastKnownFileType = file.storyboard; name = Base; path = Base.lproj/Main.storyboard; sourceTree = "<group>"; };
		27F68DDB1A24846C00BB32C9 /* Images.xcassets */ = {isa = PBXFileReference; lastKnownFileType = folder.assetcatalog; path = Images.xcassets; sourceTree = "<group>"; };
		27F68DDE1A24846C00BB32C9 /* Base */ = {isa = PBXFileReference; lastKnownFileType = file.xib; name = Base; path = Base.lproj/LaunchScreen.xib; sourceTree = "<group>"; };
		27F68DE41A24846C00BB32C9 /* ResizeImageTests.xctest */ = {isa = PBXFileReference; explicitFileType = wrapper.cfbundle; includeInIndex = 0; path = ResizeImageTests.xctest; sourceTree = BUILT_PRODUCTS_DIR; };
		27F68DE91A24846C00BB32C9 /* Info.plist */ = {isa = PBXFileReference; lastKnownFileType = text.plist.xml; path = Info.plist; sourceTree = "<group>"; };
		27F68DEA1A24846C00BB32C9 /* ResizeImageTests.m */ = {isa = PBXFileReference; lastKnownFileType = sourcecode.c.objc; path = ResizeImageTests.m; sourceTree = "<group>"; };
		27F68DF71A24891F00BB32C9 /* imageView_BMI@2x.png */ = {isa = PBXFileReference; lastKnownFileType = image.png; path = "imageView_BMI@2x.png"; sourceTree = "<group>"; };
		27F68DF91A248A0100BB32C9 /* begin_one@2x.png */ = {isa = PBXFileReference; lastKnownFileType = image.png; path = "begin_one@2x.png"; sourceTree = "<group>"; };
/* End PBXFileReference section */

/* Begin PBXFrameworksBuildPhase section */
		27F68DC81A24846C00BB32C9 /* Frameworks */ = {
			isa = PBXFrameworksBuildPhase;
			buildActionMask = 2147483647;
			files = (
			);
			runOnlyForDeploymentPostprocessing = 0;
		};
		27F68DE11A24846C00BB32C9 /* Frameworks */ = {
			isa = PBXFrameworksBuildPhase;
			buildActionMask = 2147483647;
			files = (
			);
			runOnlyForDeploymentPostprocessing = 0;
		};
/* End PBXFrameworksBuildPhase section */

/* Begin PBXGroup section */
		27E739F51A9C657700207450 /* UIImage+Custom */ = {
			isa = PBXGroup;
			children = (
				27E739F61A9C657700207450 /* UIImage+Custom.h */,
				27E739F71A9C657700207450 /* UIImage+Custom.m */,
			);
			path = "UIImage+Custom";
			sourceTree = "<group>";
		};
		27F68DC21A24846C00BB32C9 = {
			isa = PBXGroup;
			children = (
				27E739F51A9C657700207450 /* UIImage+Custom */,
				27F68DCD1A24846C00BB32C9 /* ResizeImage */,
				27F68DE71A24846C00BB32C9 /* ResizeImageTests */,
				27F68DCC1A24846C00BB32C9 /* Products */,
			);
			sourceTree = "<group>";
		};
		27F68DCC1A24846C00BB32C9 /* Products */ = {
			isa = PBXGroup;
			children = (
				27F68DCB1A24846C00BB32C9 /* ResizeImage.app */,
				27F68DE41A24846C00BB32C9 /* ResizeImageTests.xctest */,
			);
			name = Products;
			sourceTree = "<group>";
		};
		27F68DCD1A24846C00BB32C9 /* ResizeImage */ = {
			isa = PBXGroup;
			children = (
				27F68DD21A24846C00BB32C9 /* AppDelegate.h */,
				27F68DD31A24846C00BB32C9 /* AppDelegate.m */,
				272FAB901A296ED3002725C1 /* TabelViewController.h */,
				272FAB911A296ED3002725C1 /* TabelViewController.m */,
				27F68DD51A24846C00BB32C9 /* ViewController.h */,
				27F68DD61A24846C00BB32C9 /* ViewController.m */,
				27F68DF71A24891F00BB32C9 /* imageView_BMI@2x.png */,
				27F68DF91A248A0100BB32C9 /* begin_one@2x.png */,
				27F68DD81A24846C00BB32C9 /* Main.storyboard */,
				27F68DDB1A24846C00BB32C9 /* Images.xcassets */,
				27F68DDD1A24846C00BB32C9 /* LaunchScreen.xib */,
				27F68DCE1A24846C00BB32C9 /* Supporting Files */,
			);
			path = ResizeImage;
			sourceTree = "<group>";
		};
		27F68DCE1A24846C00BB32C9 /* Supporting Files */ = {
			isa = PBXGroup;
			children = (
				27F68DCF1A24846C00BB32C9 /* Info.plist */,
				27F68DD01A24846C00BB32C9 /* main.m */,
			);
			name = "Supporting Files";
			sourceTree = "<group>";
		};
		27F68DE71A24846C00BB32C9 /* ResizeImageTests */ = {
			isa = PBXGroup;
			children = (
				27F68DEA1A24846C00BB32C9 /* ResizeImageTests.m */,
				27F68DE81A24846C00BB32C9 /* Supporting Files */,
			);
			path = ResizeImageTests;
			sourceTree = "<group>";
		};
		27F68DE81A24846C00BB32C9 /* Supporting Files */ = {
			isa = PBXGroup;
			children = (
				27F68DE91A24846C00BB32C9 /* Info.plist */,
			);
			name = "Supporting Files";
			sourceTree = "<group>";
		};
/* End PBXGroup section */

/* Begin PBXNativeTarget section */
		27F68DCA1A24846C00BB32C9 /* ResizeImage */ = {
			isa = PBXNativeTarget;
			buildConfigurationList = 27F68DEE1A24846C00BB32C9 /* Build configuration list for PBXNativeTarget "ResizeImage" */;
			buildPhases = (
				27F68DC71A24846C00BB32C9 /* Sources */,
				27F68DC81A24846C00BB32C9 /* Frameworks */,
				27F68DC91A24846C00BB32C9 /* Resources */,
			);
			buildRules = (
			);
			dependencies = (
			);
			name = ResizeImage;
			productName = ResizeImage;
			productReference = 27F68DCB1A24846C00BB32C9 /* ResizeImage.app */;
			productType = "com.apple.product-type.application";
		};
		27F68DE31A24846C00BB32C9 /* ResizeImageTests */ = {
			isa = PBXNativeTarget;
			buildConfigurationList = 27F68DF11A24846C00BB32C9 /* Build configuration list for PBXNativeTarget "ResizeImageTests" */;
			buildPhases = (
				27F68DE01A24846C00BB32C9 /* Sources */,
				27F68DE11A24846C00BB32C9 /* Frameworks */,
				27F68DE21A24846C00BB32C9 /* Resources */,
			);
			buildRules = (
			);
			dependencies = (
				27F68DE61A24846C00BB32C9 /* PBXTargetDependency */,
			);
			name = ResizeImageTests;
			productName = ResizeImageTests;
			productReference = 27F68DE41A24846C00BB32C9 /* ResizeImageTests.xctest */;
			productType = "com.apple.product-type.bundle.unit-test";
		};
/* End PBXNativeTarget section */

/* Begin PBXProject section */
		27F68DC31A24846C00BB32C9 /* Project object */ = {
			isa = PBXProject;
			attributes = {
				LastUpgradeCheck = 0620;
				ORGANIZATIONNAME = ZQP;
				TargetAttributes = {
					27F68DCA1A24846C00BB32C9 = {
						CreatedOnToolsVersion = 6.2;
					};
					27F68DE31A24846C00BB32C9 = {
						CreatedOnToolsVersion = 6.2;
						TestTargetID = 27F68DCA1A24846C00BB32C9;
					};
				};
			};
			buildConfigurationList = 27F68DC61A24846C00BB32C9 /* Build configuration list for PBXProject "ResizeImage" */;
			compatibilityVersion = "Xcode 3.2";
			developmentRegion = English;
			hasScannedForEncodings = 0;
			knownRegions = (
				en,
				Base,
			);
			mainGroup = 27F68DC21A24846C00BB32C9;
			productRefGroup = 27F68DCC1A24846C00BB32C9 /* Products */;
			projectDirPath = "";
			projectRoot = "";
			targets = (
				27F68DCA1A24846C00BB32C9 /* ResizeImage */,
				27F68DE31A24846C00BB32C9 /* ResizeImageTests */,
			);
		};
/* End PBXProject section */

/* Begin PBXResourcesBuildPhase section */
		27F68DC91A24846C00BB32C9 /* Resources */ = {
			isa = PBXResourcesBuildPhase;
			buildActionMask = 2147483647;
			files = (
				27F68DDA1A24846C00BB32C9 /* Main.storyboard in Resources */,
				27F68DFA1A248A0100BB32C9 /* begin_one@2x.png in Resources */,
				27F68DDF1A24846C00BB32C9 /* LaunchScreen.xib in Resources */,
				27F68DF81A24891F00BB32C9 /* imageView_BMI@2x.png in Resources */,
				27F68DDC1A24846C00BB32C9 /* Images.xcassets in Resources */,
			);
			runOnlyForDeploymentPostprocessing = 0;
		};
		27F68DE21A24846C00BB32C9 /* Resources */ = {
			isa = PBXResourcesBuildPhase;
			buildActionMask = 2147483647;
			files = (
			);
			runOnlyForDeploymentPostprocessing = 0;
		};
/* End PBXResourcesBuildPhase section */

/* Begin PBXSourcesBuildPhase section */
		27F68DC71A24846C00BB32C9 /* Sources */ = {
			isa = PBXSourcesBuildPhase;
			buildActionMask = 2147483647;
			files = (
				27F68DD71A24846C00BB32C9 /* ViewController.m in Sources */,
				27F68DD41A24846C00BB32C9 /* AppDelegate.m in Sources */,
				272FAB921A296ED3002725C1 /* TabelViewController.m in Sources */,
				27E739F81A9C657700207450 /* UIImage+Custom.m in Sources */,
				27F68DD11A24846C00BB32C9 /* main.m in Sources */,
			);
			runOnlyForDeploymentPostprocessing = 0;
		};
		27F68DE01A24846C00BB32C9 /* Sources */ = {
			isa = PBXSourcesBuildPhase;
			buildActionMask = 2147483647;
			files = (
				27F68DEB1A24846C00BB32C9 /* ResizeImageTests.m in Sources */,
			);
			runOnlyForDeploymentPostprocessing = 0;
		};
/* End PBXSourcesBuildPhase section */

/* Begin PBXTargetDependency section */
		27F68DE61A24846C00BB32C9 /* PBXTargetDependency */ = {
			isa = PBXTargetDependency;
			target = 27F68DCA1A24846C00BB32C9 /* ResizeImage */;
			targetProxy = 27F68DE51A24846C00BB32C9 /* PBXContainerItemProxy */;
		};
/* End PBXTargetDependency section */

/* Begin PBXVariantGroup section */
		27F68DD81A24846C00BB32C9 /* Main.storyboard */ = {
			isa = PBXVariantGroup;
			children = (
				27F68DD91A24846C00BB32C9 /* Base */,
			);
			name = Main.storyboard;
			sourceTree = "<group>";
		};
		27F68DDD1A24846C00BB32C9 /* LaunchScreen.xib */ = {
			isa = PBXVariantGroup;
			children = (
				27F68DDE1A24846C00BB32C9 /* Base */,
			);
			name = LaunchScreen.xib;
			sourceTree = "<group>";
		};
/* End PBXVariantGroup section */

/* Begin XCBuildConfiguration section */
		27F68DEC1A24846C00BB32C9 /* Debug */ = {
			isa = XCBuildConfiguration;
			buildSettings = {
				ALWAYS_SEARCH_USER_PATHS = NO;
				CLANG_CXX_LANGUAGE_STANDARD = "gnu++0x";
				CLANG_CXX_LIBRARY = "libc++";
				CLANG_ENABLE_MODULES = YES;
				CLANG_ENABLE_OBJC_ARC = YES;
				CLANG_WARN_BOOL_CONVERSION = YES;
				CLANG_WARN_CONSTANT_CONVERSION = YES;
				CLANG_WARN_DIRECT_OBJC_ISA_USAGE = YES_ERROR;
				CLANG_WARN_EMPTY_BODY = YES;
				CLANG_WARN_ENUM_CONVERSION = YES;
				CLANG_WARN_INT_CONVERSION = YES;
				CLANG_WARN_OBJC_ROOT_CLASS = YES_ERROR;
				CLANG_WARN_UNREACHABLE_CODE = YES;
				CLANG_WARN__DUPLICATE_METHOD_MATCH = YES;
				"CODE_SIGN_IDENTITY[sdk=iphoneos*]" = "iPhone Developer";
				COPY_PHASE_STRIP = NO;
				ENABLE_STRICT_OBJC_MSGSEND = YES;
				GCC_C_LANGUAGE_STANDARD = gnu99;
				GCC_DYNAMIC_NO_PIC = NO;
				GCC_OPTIMIZATION_LEVEL = 0;
				GCC_PREPROCESSOR_DEFINITIONS = (
					"DEBUG=1",
					"$(inherited)",
				);
				GCC_SYMBOLS_PRIVATE_EXTERN = NO;
				GCC_WARN_64_TO_32_BIT_CONVERSION = YES;
				GCC_WARN_ABOUT_RETURN_TYPE = YES_ERROR;
				GCC_WARN_UNDECLARED_SELECTOR = YES;
				GCC_WARN_UNINITIALIZED_AUTOS = YES_AGGRESSIVE;
				GCC_WARN_UNUSED_FUNCTION = YES;
				GCC_WARN_UNUSED_VARIABLE = YES;
				IPHONEOS_DEPLOYMENT_TARGET = 8.2;
				MTL_ENABLE_DEBUG_INFO = YES;
				ONLY_ACTIVE_ARCH = YES;
				SDKROOT = iphoneos;
			};
			name = Debug;
		};
		27F68DED1A24846C00BB32C9 /* Release */ = {
			isa = XCBuildConfiguration;
			buildSettings = {
				ALWAYS_SEARCH_USER_PATHS = NO;
				CLANG_CXX_LANGUAGE_STANDARD = "gnu++0x";
				CLANG_CXX_LIBRARY = "libc++";
				CLANG_ENABLE_MODULES = YES;
				CLANG_ENABLE_OBJC_ARC = YES;
				CLANG_WARN_BOOL_CONVERSION = YES;
				CLANG_WARN_CONSTANT_CONVERSION = YES;
				CLANG_WARN_DIRECT_OBJC_ISA_USAGE = YES_ERROR;
				CLANG_WARN_EMPTY_BODY = YES;
				CLANG_WARN_ENUM_CONVERSION = YES;
				CLANG_WARN_INT_CONVERSION = YES;
				CLANG_WARN_OBJC_ROOT_CLASS = YES_ERROR;
				CLANG_WARN_UNREACHABLE_CODE = YES;
				CLANG_WARN__DUPLICATE_METHOD_MATCH = YES;
				"CODE_SIGN_IDENTITY[sdk=iphoneos*]" = "iPhone Developer";
				COPY_PHASE_STRIP = YES;
				ENABLE_NS_ASSERTIONS = NO;
				ENABLE_STRICT_OBJC_MSGSEND = YES;
				GCC_C_LANGUAGE_STANDARD = gnu99;
				GCC_WARN_64_TO_32_BIT_CONVERSION = YES;
				GCC_WARN_ABOUT_RETURN_TYPE = YES_ERROR;
				GCC_WARN_UNDECLARED_SELECTOR = YES;
				GCC_WARN_UNINITIALIZED_AUTOS = YES_AGGRESSIVE;
				GCC_WARN_UNUSED_FUNCTION = YES;
				GCC_WARN_UNUSED_VARIABLE = YES;
				IPHONEOS_DEPLOYMENT_TARGET = 8.2;
				MTL_ENABLE_DEBUG_INFO = NO;
				SDKROOT = iphoneos;
				VALIDATE_PRODUCT = YES;
			};
			name = Release;
		};
		27F68DEF1A24846C00BB32C9 /* Debug */ = {
			isa = XCBuildConfiguration;
			buildSettings = {
				ASSETCATALOG_COMPILER_APPICON_NAME = AppIcon;
				INFOPLIST_FILE = ResizeImage/Info.plist;
				LD_RUNPATH_SEARCH_PATHS = "$(inherited) @executable_path/Frameworks";
				PRODUCT_NAME = "$(TARGET_NAME)";
			};
			name = Debug;
		};
		27F68DF01A24846C00BB32C9 /* Release */ = {
			isa = XCBuildConfiguration;
			buildSettings = {
				ASSETCATALOG_COMPILER_APPICON_NAME = AppIcon;
				INFOPLIST_FILE = ResizeImage/Info.plist;
				LD_RUNPATH_SEARCH_PATHS = "$(inherited) @executable_path/Frameworks";
				PRODUCT_NAME = "$(TARGET_NAME)";
			};
			name = Release;
		};
		27F68DF21A24846C00BB32C9 /* Debug */ = {
			isa = XCBuildConfiguration;
			buildSettings = {
				BUNDLE_LOADER = "$(TEST_HOST)";
				FRAMEWORK_SEARCH_PATHS = (
					"$(SDKROOT)/Developer/Library/Frameworks",
					"$(inherited)",
				);
				GCC_PREPROCESSOR_DEFINITIONS = (
					"DEBUG=1",
					"$(inherited)",
				);
				INFOPLIST_FILE = ResizeImageTests/Info.plist;
				LD_RUNPATH_SEARCH_PATHS = "$(inherited) @executable_path/Frameworks @loader_path/Frameworks";
				PRODUCT_NAME = "$(TARGET_NAME)";
				TEST_HOST = "$(BUILT_PRODUCTS_DIR)/ResizeImage.app/ResizeImage";
			};
			name = Debug;
		};
		27F68DF31A24846C00BB32C9 /* Release */ = {
			isa = XCBuildConfiguration;
			buildSettings = {
				BUNDLE_LOADER = "$(TEST_HOST)";
				FRAMEWORK_SEARCH_PATHS = (
					"$(SDKROOT)/Developer/Library/Frameworks",
					"$(inherited)",
				);
				INFOPLIST_FILE = ResizeImageTests/Info.plist;
				LD_RUNPATH_SEARCH_PATHS = "$(inherited) @executable_path/Frameworks @loader_path/Frameworks";
				PRODUCT_NAME = "$(TARGET_NAME)";
				TEST_HOST = "$(BUILT_PRODUCTS_DIR)/ResizeImage.app/ResizeImage";
			};
			name = Release;
		};
/* End XCBuildConfiguration section */

/* Begin XCConfigurationList section */
		27F68DC61A24846C00BB32C9 /* Build configuration list for PBXProject "ResizeImage" */ = {
			isa = XCConfigurationList;
			buildConfigurations = (
				27F68DEC1A24846C00BB32C9 /* Debug */,
				27F68DED1A24846C00BB32C9 /* Release */,
			);
			defaultConfigurationIsVisible = 0;
			defaultConfigurationName = Release;
		};
		27F68DEE1A24846C00BB32C9 /* Build configuration list for PBXNativeTarget "ResizeImage" */ = {
			isa = XCConfigurationList;
			buildConfigurations = (
				27F68DEF1A24846C00BB32C9 /* Debug */,
				27F68DF01A24846C00BB32C9 /* Release */,
			);
			defaultConfigurationIsVisible = 0;
			defaultConfigurationName = Release;
		};
		27F68DF11A24846C00BB32C9 /* Build configuration list for PBXNativeTarget "ResizeImageTests" */ = {
			isa = XCConfigurationList;
			buildConfigurations = (
				27F68DF21A24846C00BB32C9 /* Debug */,
				27F68DF31A24846C00BB32C9 /* Release */,
			);
			defaultConfigurationIsVisible = 0;
			defaultConfigurationName = Release;
		};
/* End XCConfigurationList section */
	};
	rootObject = 27F68DC31A24846C00BB32C9 /* Project object */;
}
